// !$*UTF8*$!
{
	archiveVersion = 1;
	classes = {
	};
	objectVersion = 46;
	objects = {

/* Begin PBXBuildFile section */
		164454C71F33F8B400BE3B72 /* LeagueVC.swift in Sources */ = {isa = PBXBuildFile; fileRef = 164454C61F33F8B400BE3B72 /* LeagueVC.swift */; };
		164454C91F33F8C900BE3B72 /* SkillVC.swift in Sources */ = {isa = PBXBuildFile; fileRef = 164454C81F33F8C900BE3B72 /* SkillVC.swift */; };
		16D2D3B61F315E890047CD32 /* AppDelegate.swift in Sources */ = {isa = PBXBuildFile; fileRef = 16D2D3B51F315E890047CD32 /* AppDelegate.swift */; };
		16D2D3B81F315E890047CD32 /* ViewController.swift in Sources */ = {isa = PBXBuildFile; fileRef = 16D2D3B71F315E890047CD32 /* ViewController.swift */; };
		16D2D3BB1F315E890047CD32 /* Main.storyboard in Resources */ = {isa = PBXBuildFile; fileRef = 16D2D3B91F315E890047CD32 /* Main.storyboard */; };
		16D2D3BD1F315E890047CD32 /* Assets.xcassets in Resources */ = {isa = PBXBuildFile; fileRef = 16D2D3BC1F315E890047CD32 /* Assets.xcassets */; };
		16D2D3C01F315E890047CD32 /* LaunchScreen.storyboard in Resources */ = {isa = PBXBuildFile; fileRef = 16D2D3BE1F315E890047CD32 /* LaunchScreen.storyboard */; };
		16D2D3C91F3165540047CD32 /* BorderButton.swift in Sources */ = {isa = PBXBuildFile; fileRef = 16D2D3C81F3165540047CD32 /* BorderButton.swift */; };
/* End PBXBuildFile section */

/* Begin PBXFileReference section */
		164454C61F33F8B400BE3B72 /* LeagueVC.swift */ = {isa = PBXFileReference; fileEncoding = 4; lastKnownFileType = sourcecode.swift; path = LeagueVC.swift; sourceTree = "<group>"; };
		164454C81F33F8C900BE3B72 /* SkillVC.swift */ = {isa = PBXFileReference; fileEncoding = 4; lastKnownFileType = sourcecode.swift; path = SkillVC.swift; sourceTree = "<group>"; };
		16D2D3B21F315E890047CD32 /* app-swoosh.app */ = {isa = PBXFileReference; explicitFileType = wrapper.application; includeInIndex = 0; path = "app-swoosh.app"; sourceTree = BUILT_PRODUCTS_DIR; };
		16D2D3B51F315E890047CD32 /* AppDelegate.swift */ = {isa = PBXFileReference; lastKnownFileType = sourcecode.swift; path = AppDelegate.swift; sourceTree = "<group>"; };
		16D2D3B71F315E890047CD32 /* ViewController.swift */ = {isa = PBXFileReference; lastKnownFileType = sourcecode.swift; path = ViewController.swift; sourceTree = "<group>"; };
		16D2D3BA1F315E890047CD32 /* Base */ = {isa = PBXFileReference; lastKnownFileType = file.storyboard; name = Base; path = Base.lproj/Main.storyboard; sourceTree = "<group>"; };
		16D2D3BC1F315E890047CD32 /* Assets.xcassets */ = {isa = PBXFileReference; lastKnownFileType = folder.assetcatalog; path = Assets.xcassets; sourceTree = "<group>"; };
		16D2D3BF1F315E890047CD32 /* Base */ = {isa = PBXFileReference; lastKnownFileType = file.storyboard; name = Base; path = Base.lproj/LaunchScreen.storyboard; sourceTree = "<group>"; };
		16D2D3C11F315E890047CD32 /* Info.plist */ = {isa = PBXFileReference; lastKnownFileType = text.plist.xml; path = Info.plist; sourceTree = "<group>"; };
		16D2D3C81F3165540047CD32 /* BorderButton.swift */ = {isa = PBXFileReference; fileEncoding = 4; lastKnownFileType = sourcecode.swift; path = BorderButton.swift; sourceTree = "<group>"; };
/* End PBXFileReference section */

/* Begin PBXFrameworksBuildPhase section */
		16D2D3AF1F315E890047CD32 /* Frameworks */ = {
			isa = PBXFrameworksBuildPhase;
			buildActionMask = 2147483647;
			files = (
			);
			runOnlyForDeploymentPostprocessing = 0;
		};
/* End PBXFrameworksBuildPhase section */

/* Begin PBXGroup section */
		164454C51F33F88E00BE3B72 /* Controllers */ = {
			isa = PBXGroup;
			children = (
				164454C61F33F8B400BE3B72 /* LeagueVC.swift */,
				164454C81F33F8C900BE3B72 /* SkillVC.swift */,
			);
			name = Controllers;
			sourceTree = "<group>";
		};
		16D2D3A91F315E890047CD32 = {
			isa = PBXGroup;
			children = (
				16D2D3B41F315E890047CD32 /* app-swoosh */,
				16D2D3B31F315E890047CD32 /* Products */,
			);
			sourceTree = "<group>";
		};
		16D2D3B31F315E890047CD32 /* Products */ = {
			isa = PBXGroup;
			children = (
				16D2D3B21F315E890047CD32 /* app-swoosh.app */,
			);
			name = Products;
			sourceTree = "<group>";
		};
		16D2D3B41F315E890047CD32 /* app-swoosh */ = {
			isa = PBXGroup;
			children = (
				164454C51F33F88E00BE3B72 /* Controllers */,
				16D2D3C71F3165050047CD32 /* Views */,
				16D2D3B51F315E890047CD32 /* AppDelegate.swift */,
				16D2D3B71F315E890047CD32 /* ViewController.swift */,
				16D2D3B91F315E890047CD32 /* Main.storyboard */,
				16D2D3BC1F315E890047CD32 /* Assets.xcassets */,
				16D2D3BE1F315E890047CD32 /* LaunchScreen.storyboard */,
				16D2D3C11F315E890047CD32 /* Info.plist */,
			);
			path = "app-swoosh";
			sourceTree = "<group>";
		};
		16D2D3C71F3165050047CD32 /* Views */ = {
			isa = PBXGroup;
			children = (
				16D2D3C81F3165540047CD32 /* BorderButton.swift */,
			);
			name = Views;
			sourceTree = "<group>";
		};
/* End PBXGroup section */

/* Begin PBXNativeTarget section */
		16D2D3B11F315E890047CD32 /* app-swoosh */ = {
			isa = PBXNativeTarget;
			buildConfigurationList = 16D2D3C41F315E890047CD32 /* Build configuration list for PBXNativeTarget "app-swoosh" */;
			buildPhases = (
				16D2D3AE1F315E890047CD32 /* Sources */,
				16D2D3AF1F315E890047CD32 /* Frameworks */,
				16D2D3B01F315E890047CD32 /* Resources */,
			);
			buildRules = (
			);
			dependencies = (
			);
			name = "app-swoosh";
			productName = "app-swoosh";
			productReference = 16D2D3B21F315E890047CD32 /* app-swoosh.app */;
			productType = "com.apple.product-type.application";
		};
/* End PBXNativeTarget section */

/* Begin PBXProject section */
		16D2D3AA1F315E890047CD32 /* Project object */ = {
			isa = PBXProject;
			attributes = {
				LastSwiftUpdateCheck = 0830;
				LastUpgradeCheck = 0830;
				ORGANIZATIONNAME = "Emile Frey";
				TargetAttributes = {
					16D2D3B11F315E890047CD32 = {
						CreatedOnToolsVersion = 8.3.3;
						ProvisioningStyle = Automatic;
					};
				};
			};
			buildConfigurationList = 16D2D3AD1F315E890047CD32 /* Build configuration list for PBXProject "app-swoosh" */;
			compatibilityVersion = "Xcode 3.2";
			developmentRegion = English;
			hasScannedForEncodings = 0;
			knownRegions = (
				en,
				Base,
			);
			mainGroup = 16D2D3A91F315E890047CD32;
			productRefGroup = 16D2D3B31F315E890047CD32 /* Products */;
			projectDirPath = "";
			projectRoot = "";
			targets = (
				16D2D3B11F315E890047CD32 /* app-swoosh */,
			);
		};
/* End PBXProject section */

/* Begin PBXResourcesBuildPhase section */
		16D2D3B01F315E890047CD32 /* Resources */ = {
			isa = PBXResourcesBuildPhase;
			buildActionMask = 2147483647;
			files = (
				16D2D3C01F315E890047CD32 /* LaunchScreen.storyboard in Resources */,
				16D2D3BD1F315E890047CD32 /* Assets.xcassets in Resources */,
				16D2D3BB1F315E890047CD32 /* Main.storyboard in Resources */,
			);
			runOnlyForDeploymentPostprocessing = 0;
		};
/* End PBXResourcesBuildPhase section */

/* Begin PBXSourcesBuildPhase section */
		16D2D3AE1F315E890047CD32 /* Sources */ = {
			isa = PBXSourcesBuildPhase;
			buildActionMask = 2147483647;
			files = (
				16D2D3B81F315E890047CD32 /* ViewController.swift in Sources */,
				164454C71F33F8B400BE3B72 /* LeagueVC.swift in Sources */,
				16D2D3B61F315E890047CD32 /* AppDelegate.swift in Sources */,
				164454C91F33F8C900BE3B72 /* SkillVC.swift in Sources */,
				16D2D3C91F3165540047CD32 /* BorderButton.swift in Sources */,
			);
			runOnlyForDeploymentPostprocessing = 0;
		};
/* End PBXSourcesBuildPhase section */

/* Begin PBXVariantGroup section */
		16D2D3B91F315E890047CD32 /* Main.storyboard */ = {
			isa = PBXVariantGroup;
			children = (
				16D2D3BA1F315E890047CD32 /* Base */,
			);
			name = Main.storyboard;
			sourceTree = "<group>";
		};
		16D2D3BE1F315E890047CD32 /* LaunchScreen.storyboard */ = {
			isa = PBXVariantGroup;
			children = (
				16D2D3BF1F315E890047CD32 /* Base */,
			);
			name = LaunchScreen.storyboard;
			sourceTree = "<group>";
		};
/* End PBXVariantGroup section */

/* Begin XCBuildConfiguration section */
		16D2D3C21F315E890047CD32 /* Debug */ = {
			isa = XCBuildConfiguration;
			buildSettings = {
				ALWAYS_SEARCH_USER_PATHS = NO;
				CLANG_ANALYZER_NONNULL = YES;
				CLANG_ANALYZER_NUMBER_OBJECT_CONVERSION = YES_AGGRESSIVE;
				CLANG_CXX_LANGUAGE_STANDARD = "gnu++0x";
				CLANG_CXX_LIBRARY = "libc++";
				CLANG_ENABLE_MODULES = YES;
				CLANG_ENABLE_OBJC_ARC = YES;
				CLANG_WARN_BOOL_CONVERSION = YES;
				CLANG_WARN_CONSTANT_CONVERSION = YES;
				CLANG_WARN_DIRECT_OBJC_ISA_USAGE = YES_ERROR;
				CLANG_WARN_DOCUMENTATION_COMMENTS = YES;
				CLANG_WARN_EMPTY_BODY = YES;
				CLANG_WARN_ENUM_CONVERSION = YES;
				CLANG_WARN_INFINITE_RECURSION = YES;
				CLANG_WARN_INT_CONVERSION = YES;
				CLANG_WARN_OBJC_ROOT_CLASS = YES_ERROR;
				CLANG_WARN_SUSPICIOUS_MOVE = YES;
				CLANG_WARN_UNREACHABLE_CODE = YES;
				CLANG_WARN__DUPLICATE_METHOD_MATCH = YES;
				"CODE_SIGN_IDENTITY[sdk=iphoneos*]" = "iPhone Developer";
				COPY_PHASE_STRIP = NO;
				DEBUG_INFORMATION_FORMAT = dwarf;
				ENABLE_STRICT_OBJC_MSGSEND = YES;
				ENABLE_TESTABILITY = YES;
				GCC_C_LANGUAGE_STANDARD = gnu99;
				GCC_DYNAMIC_NO_PIC = NO;
				GCC_NO_COMMON_BLOCKS = YES;
				GCC_OPTIMIZATION_LEVEL = 0;
				GCC_PREPROCESSOR_DEFINITIONS = (
					"DEBUG=1",
					"$(inherited)",
				);
				GCC_WARN_64_TO_32_BIT_CONVERSION = YES;
				GCC_WARN_ABOUT_RETURN_TYPE = YES_ERROR;
				GCC_WARN_UNDECLARED_SELECTOR = YES;
				GCC_WARN_UNINITIALIZED_AUTOS = YES_AGGRESSIVE;
				GCC_WARN_UNUSED_FUNCTION = YES;
				GCC_WARN_UNUSED_VARIABLE = YES;
				IPHONEOS_DEPLOYMENT_TARGET = 10.3;
				MTL_ENABLE_DEBUG_INFO = YES;
				ONLY_ACTIVE_ARCH = YES;
				SDKROOT = iphoneos;
				SWIFT_ACTIVE_COMPILATION_CONDITIONS = DEBUG;
				SWIFT_OPTIMIZATION_LEVEL = "-Onone";
				TARGETED_DEVICE_FAMILY = "1,2";
			};
			name = Debug;
		};
		16D2D3C31F315E890047CD32 /* Release */ = {
			isa = XCBuildConfiguration;
			buildSettings = {
				ALWAYS_SEARCH_USER_PATHS = NO;
				CLANG_ANALYZER_NONNULL = YES;
				CLANG_ANALYZER_NUMBER_OBJECT_CONVERSION = YES_AGGRESSIVE;
				CLANG_CXX_LANGUAGE_STANDARD = "gnu++0x";
				CLANG_CXX_LIBRARY = "libc++";
				CLANG_ENABLE_MODULES = YES;
				CLANG_ENABLE_OBJC_ARC = YES;
				CLANG_WARN_BOOL_CONVERSION = YES;
				CLANG_WARN_CONSTANT_CONVERSION = YES;
				CLANG_WARN_DIRECT_OBJC_ISA_USAGE = YES_ERROR;
				CLANG_WARN_DOCUMENTATION_COMMENTS = YES;
				CLANG_WARN_EMPTY_BODY = YES;
				CLANG_WARN_ENUM_CONVERSION = YES;
				CLANG_WARN_INFINITE_RECURSION = YES;
				CLANG_WARN_INT_CONVERSION = YES;
				CLANG_WARN_OBJC_ROOT_CLASS = YES_ERROR;
				CLANG_WARN_SUSPICIOUS_MOVE = YES;
				CLANG_WARN_UNREACHABLE_CODE = YES;
				CLANG_WARN__DUPLICATE_METHOD_MATCH = YES;
				"CODE_SIGN_IDENTITY[sdk=iphoneos*]" = "iPhone Developer";
				COPY_PHASE_STRIP = NO;
				DEBUG_INFORMATION_FORMAT = "dwarf-with-dsym";
				ENABLE_NS_ASSERTIONS = NO;
				ENABLE_STRICT_OBJC_MSGSEND = YES;
				GCC_C_LANGUAGE_STANDARD = gnu99;
				GCC_NO_COMMON_BLOCKS = YES;
				GCC_WARN_64_TO_32_BIT_CONVERSION = YES;
				GCC_WARN_ABOUT_RETURN_TYPE = YES_ERROR;
				GCC_WARN_UNDECLARED_SELECTOR = YES;
				GCC_WARN_UNINITIALIZED_AUTOS = YES_AGGRESSIVE;
				GCC_WARN_UNUSED_FUNCTION = YES;
				GCC_WARN_UNUSED_VARIABLE = YES;
				IPHONEOS_DEPLOYMENT_TARGET = 10.3;
				MTL_ENABLE_DEBUG_INFO = NO;
				SDKROOT = iphoneos;
				SWIFT_OPTIMIZATION_LEVEL = "-Owholemodule";
				TARGETED_DEVICE_FAMILY = "1,2";
				VALIDATE_PRODUCT = YES;
			};
			name = Release;
		};
		16D2D3C51F315E890047CD32 /* Debug */ = {
			isa = XCBuildConfiguration;
			buildSettings = {
				ASSETCATALOG_COMPILER_APPICON_NAME = AppIcon;
				INFOPLIST_FILE = "app-swoosh/Info.plist";
				LD_RUNPATH_SEARCH_PATHS = "$(inherited) @executable_path/Frameworks";
				PRODUCT_BUNDLE_IDENTIFIER = "com.emilefrey.app-swoosh";
				PRODUCT_NAME = "$(TARGET_NAME)";
				SWIFT_VERSION = 3.0;
			};
			name = Debug;
		};
		16D2D3C61F315E890047CD32 /* Release */ = {
			isa = XCBuildConfiguration;
			buildSettings = {
				ASSETCATALOG_COMPILER_APPICON_NAME = AppIcon;
				INFOPLIST_FILE = "app-swoosh/Info.plist";
				LD_RUNPATH_SEARCH_PATHS = "$(inherited) @executable_path/Frameworks";
				PRODUCT_BUNDLE_IDENTIFIER = "com.emilefrey.app-swoosh";
				PRODUCT_NAME = "$(TARGET_NAME)";
				SWIFT_VERSION = 3.0;
			};
			name = Release;
		};
/* End XCBuildConfiguration section */

/* Begin XCConfigurationList section */
		16D2D3AD1F315E890047CD32 /* Build configuration list for PBXProject "app-swoosh" */ = {
			isa = XCConfigurationList;
			buildConfigurations = (
				16D2D3C21F315E890047CD32 /* Debug */,
				16D2D3C31F315E890047CD32 /* Release */,
			);
			defaultConfigurationIsVisible = 0;
			defaultConfigurationName = Release;
		};
		16D2D3C41F315E890047CD32 /* Build configuration list for PBXNativeTarget "app-swoosh" */ = {
			isa = XCConfigurationList;
			buildConfigurations = (
				16D2D3C51F315E890047CD32 /* Debug */,
				16D2D3C61F315E890047CD32 /* Release */,
			);
			defaultConfigurationIsVisible = 0;
			defaultConfigurationName = Release;
		};
/* End XCConfigurationList section */
	};
	rootObject = 16D2D3AA1F315E890047CD32 /* Project object */;
}
